
Microsoft Visual Studio Solution File, Format Version 12.00
# Visual Studio 15
Project("{FAE04EC0-301F-11D3-BF4B-00C04F79EFBC}") = "Assembly-CSharp", "Assembly-CSharp.csproj", "{AA047058-2E6B-F0BC-D081-8541D802ADDD}"
EndProject
Global
	GlobalSection(SolutionConfigurationPlatforms) = preSolution
		Debug|Any CPU = Debug|Any CPU
		Release|Any CPU = Release|Any CPU
	EndGlobalSection
	GlobalSection(ProjectConfigurationPlatforms) = postSolution
		{AA047058-2E6B-F0BC-D081-8541D802ADDD}.Debug|Any CPU.ActiveCfg = Debug|Any CPU
		{AA047058-2E6B-F0BC-D081-8541D802ADDD}.Debug|Any CPU.Build.0 = Debug|Any CPU
		{AA047058-2E6B-F0BC-D081-8541D802ADDD}.Release|Any CPU.ActiveCfg = Release|Any CPU
		{AA047058-2E6B-F0BC-D081-8541D802ADDD}.Release|Any CPU.Build.0 = Release|Any CPU
	EndGlobalSection
	GlobalSection(SolutionProperties) = preSolution
		HideSolutionNode = FALSE
	EndGlobalSection
EndGlobal
